
Microsoft Visual Studio Solution File, Format Version 12.00
# Visual Studio Version 16
VisualStudioVersion = 16.0.30611.23
MinimumVisualStudioVersion = 10.0.40219.1
Project("{8BC9CEB8-8B4A-11D0-8D11-00A0C91BC942}") = "Standard-Argument-3__C", "Standard-Argument-3__C.vcxproj", "{926C030C-9414-4266-A01C-1A3D23E8C284}"
EndProject
Global
	GlobalSection(SolutionConfigurationPlatforms) = preSolution
		Debug|x64 = Debug|x64
		Debug|x86 = Debug|x86
		Release|x64 = Release|x64
		Release|x86 = Release|x86
	EndGlobalSection
	GlobalSection(ProjectConfigurationPlatforms) = postSolution
		{926C030C-9414-4266-A01C-1A3D23E8C284}.Debug|x64.ActiveCfg = Debug|x64
		{926C030C-9414-4266-A01C-1A3D23E8C284}.Debug|x64.Build.0 = Debug|x64
		{926C030C-9414-4266-A01C-1A3D23E8C284}.Debug|x86.ActiveCfg = Debug|Win32
		{926C030C-9414-4266-A01C-1A3D23E8C284}.Debug|x86.Build.0 = Debug|Win32
		{926C030C-9414-4266-A01C-1A3D23E8C284}.Release|x64.ActiveCfg = Release|x64
		{926C030C-9414-4266-A01C-1A3D23E8C284}.Release|x64.Build.0 = Release|x64
		{926C030C-9414-4266-A01C-1A3D23E8C284}.Release|x86.ActiveCfg = Release|Win32
		{926C030C-9414-4266-A01C-1A3D23E8C284}.Release|x86.Build.0 = Release|Win32
	EndGlobalSection
	GlobalSection(SolutionProperties) = preSolution
		HideSolutionNode = FALSE
	EndGlobalSection
	GlobalSection(ExtensibilityGlobals) = postSolution
		SolutionGuid = {ED84A25A-FBDE-4AD9-ACAC-52EFCB6D2D6D}
	EndGlobalSection
EndGlobal
